// !$*UTF8*$!
{
	archiveVersion = 1;
	classes = {
	};
	objectVersion = 48;
	objects = {

/* Begin PBXBuildFile section */
		7E066C2C2022B203001C38B6 /* UITextField+Addition.m in Sources */ = {isa = PBXBuildFile; fileRef = 7E066C2B2022B203001C38B6 /* UITextField+Addition.m */; };
		7E066C2F2022EE4E001C38B6 /* HWAddRecordController.m in Sources */ = {isa = PBXBuildFile; fileRef = 7E066C2E2022EE4E001C38B6 /* HWAddRecordController.m */; };
		7E066C3220231292001C38B6 /* HWSummaryController.m in Sources */ = {isa = PBXBuildFile; fileRef = 7E066C3120231292001C38B6 /* HWSummaryController.m */; };
		7E6BB3F5202844BA00E99EEE /* HWHalfYearSummaryCell.m in Sources */ = {isa = PBXBuildFile; fileRef = 7E6BB3F4202844BA00E99EEE /* HWHalfYearSummaryCell.m */; };
		7E6BB3F92028459C00E99EEE /* HWSummaryMonthModel.m in Sources */ = {isa = PBXBuildFile; fileRef = 7E6BB3F82028459C00E99EEE /* HWSummaryMonthModel.m */; };
		7E6BB3FC202FDE3A00E99EEE /* NSString+HWAdd.m in Sources */ = {isa = PBXBuildFile; fileRef = 7E6BB3FB202FDE3A00E99EEE /* NSString+HWAdd.m */; };
		7E6BB3FF2030241C00E99EEE /* HWDateRangeModel.m in Sources */ = {isa = PBXBuildFile; fileRef = 7E6BB3FE2030241C00E99EEE /* HWDateRangeModel.m */; };
		7E6BB4042030279700E99EEE /* HWMonthDataListController.m in Sources */ = {isa = PBXBuildFile; fileRef = 7E6BB4032030279700E99EEE /* HWMonthDataListController.m */; };
		7EA29F9A2015ABCE00336040 /* AppDelegate.m in Sources */ = {isa = PBXBuildFile; fileRef = 7EA29F992015ABCE00336040 /* AppDelegate.m */; };
		7EA29FA22015ABCE00336040 /* Assets.xcassets in Resources */ = {isa = PBXBuildFile; fileRef = 7EA29FA12015ABCE00336040 /* Assets.xcassets */; };
		7EA29FA52015ABCE00336040 /* LaunchScreen.storyboard in Resources */ = {isa = PBXBuildFile; fileRef = 7EA29FA32015ABCE00336040 /* LaunchScreen.storyboard */; };
		7EA29FA82015ABCE00336040 /* main.m in Sources */ = {isa = PBXBuildFile; fileRef = 7EA29FA72015ABCE00336040 /* main.m */; };
		7EA29FB92015B1E000336040 /* HWBaseNavigationController.m in Sources */ = {isa = PBXBuildFile; fileRef = 7EA29FB82015B1E000336040 /* HWBaseNavigationController.m */; };
		7EA29FBC2015B28E00336040 /* HWRandomMainController.m in Sources */ = {isa = PBXBuildFile; fileRef = 7EA29FBB2015B28E00336040 /* HWRandomMainController.m */; };
		7EA29FBF2015B3DE00336040 /* BaseViewController.m in Sources */ = {isa = PBXBuildFile; fileRef = 7EA29FBE2015B3DE00336040 /* BaseViewController.m */; };
		7EA29FCA2015B65B00336040 /* UITableView+Addition.m in Sources */ = {isa = PBXBuildFile; fileRef = 7EA29FC02015B65A00336040 /* UITableView+Addition.m */; };
		7EA29FCB2015B65B00336040 /* UITableViewCell+Register.m in Sources */ = {isa = PBXBuildFile; fileRef = 7EA29FC32015B65A00336040 /* UITableViewCell+Register.m */; };
		7EA29FCD2015B65B00336040 /* UILabel+Addition.m in Sources */ = {isa = PBXBuildFile; fileRef = 7EA29FC82015B65A00336040 /* UILabel+Addition.m */; };
		7EA29FCE2015B65B00336040 /* UIButton+Addition.m in Sources */ = {isa = PBXBuildFile; fileRef = 7EA29FC92015B65A00336040 /* UIButton+Addition.m */; };
		7EA29FD12015B67700336040 /* UIFont+ElAdd.m in Sources */ = {isa = PBXBuildFile; fileRef = 7EA29FCF2015B67700336040 /* UIFont+ElAdd.m */; };
		7EA29FD52015B6A600336040 /* UIImage+Addition.m in Sources */ = {isa = PBXBuildFile; fileRef = 7EA29FD42015B6A600336040 /* UIImage+Addition.m */; };
		7EA29FD82015BB7200336040 /* HWRandomView.m in Sources */ = {isa = PBXBuildFile; fileRef = 7EA29FD72015BB7200336040 /* HWRandomView.m */; };
		7EA29FDB2015C3A400336040 /* MBProgressHUD+VBAdd.m in Sources */ = {isa = PBXBuildFile; fileRef = 7EA29FD92015C3A300336040 /* MBProgressHUD+VBAdd.m */; };
		7EA29FDE2015C8D700336040 /* NSNumber+Random.m in Sources */ = {isa = PBXBuildFile; fileRef = 7EA29FDD2015C8D700336040 /* NSNumber+Random.m */; };
		7EA29FE22015D38A00336040 /* HWRandom.m in Sources */ = {isa = PBXBuildFile; fileRef = 7EA29FE12015D38A00336040 /* HWRandom.m */; };
		7EA29FE52015D84E00336040 /* HWRandomHistoryCell.m in Sources */ = {isa = PBXBuildFile; fileRef = 7EA29FE42015D84E00336040 /* HWRandomHistoryCell.m */; };
		7EA29FE82015E05600336040 /* NSUserDefaults+HWCache.m in Sources */ = {isa = PBXBuildFile; fileRef = 7EA29FE72015E05600336040 /* NSUserDefaults+HWCache.m */; };
		7EA29FEB201B075500336040 /* HWDayList.m in Sources */ = {isa = PBXBuildFile; fileRef = 7EA29FEA201B075500336040 /* HWDayList.m */; };
		7EA29FEE201B113C00336040 /* HWDaySectionHeader.m in Sources */ = {isa = PBXBuildFile; fileRef = 7EA29FED201B113C00336040 /* HWDaySectionHeader.m */; };
		7EAC04C92043AE0B0092D634 /* HWTypeSelectView.m in Sources */ = {isa = PBXBuildFile; fileRef = 7EAC04C82043AE0B0092D634 /* HWTypeSelectView.m */; };
		7EAC04CC2043B2630092D634 /* HWPosTypeCollectionCell.m in Sources */ = {isa = PBXBuildFile; fileRef = 7EAC04CB2043B2630092D634 /* HWPosTypeCollectionCell.m */; };
		7EAC04CF2043C7160092D634 /* HWAppConfig.m in Sources */ = {isa = PBXBuildFile; fileRef = 7EAC04CE2043C7160092D634 /* HWAppConfig.m */; };
		A1AFC4610A15D7CCAFF73992 /* libPods-RandomPay.a in Frameworks */ = {isa = PBXBuildFile; fileRef = 81AD6396FA5C621ED18FBB54 /* libPods-RandomPay.a */; };
/* End PBXBuildFile section */

/* Begin PBXFileReference section */
		5D1C122C625CBC184CD6D439 /* Pods-RandomPay.release.xcconfig */ = {isa = PBXFileReference; includeInIndex = 1; lastKnownFileType = text.xcconfig; name = "Pods-RandomPay.release.xcconfig"; path = "Pods/Target Support Files/Pods-RandomPay/Pods-RandomPay.release.xcconfig"; sourceTree = "<group>"; };
		62746C6D62B5103C39EC280F /* Pods-RandomPay.debug.xcconfig */ = {isa = PBXFileReference; includeInIndex = 1; lastKnownFileType = text.xcconfig; name = "Pods-RandomPay.debug.xcconfig"; path = "Pods/Target Support Files/Pods-RandomPay/Pods-RandomPay.debug.xcconfig"; sourceTree = "<group>"; };
		7E066C2A2022B203001C38B6 /* UITextField+Addition.h */ = {isa = PBXFileReference; lastKnownFileType = sourcecode.c.h; path = "UITextField+Addition.h"; sourceTree = "<group>"; };
		7E066C2B2022B203001C38B6 /* UITextField+Addition.m */ = {isa = PBXFileReference; lastKnownFileType = sourcecode.c.objc; path = "UITextField+Addition.m"; sourceTree = "<group>"; };
		7E066C2D2022EE4E001C38B6 /* HWAddRecordController.h */ = {isa = PBXFileReference; lastKnownFileType = sourcecode.c.h; path = HWAddRecordController.h; sourceTree = "<group>"; };
		7E066C2E2022EE4E001C38B6 /* HWAddRecordController.m */ = {isa = PBXFileReference; lastKnownFileType = sourcecode.c.objc; path = HWAddRecordController.m; sourceTree = "<group>"; };
		7E066C3020231292001C38B6 /* HWSummaryController.h */ = {isa = PBXFileReference; lastKnownFileType = sourcecode.c.h; path = HWSummaryController.h; sourceTree = "<group>"; };
		7E066C3120231292001C38B6 /* HWSummaryController.m */ = {isa = PBXFileReference; lastKnownFileType = sourcecode.c.objc; path = HWSummaryController.m; sourceTree = "<group>"; };
		7E6BB3F3202844BA00E99EEE /* HWHalfYearSummaryCell.h */ = {isa = PBXFileReference; lastKnownFileType = sourcecode.c.h; path = HWHalfYearSummaryCell.h; sourceTree = "<group>"; };
		7E6BB3F4202844BA00E99EEE /* HWHalfYearSummaryCell.m */ = {isa = PBXFileReference; lastKnownFileType = sourcecode.c.objc; path = HWHalfYearSummaryCell.m; sourceTree = "<group>"; };
		7E6BB3F72028459C00E99EEE /* HWSummaryMonthModel.h */ = {isa = PBXFileReference; lastKnownFileType = sourcecode.c.h; path = HWSummaryMonthModel.h; sourceTree = "<group>"; };
		7E6BB3F82028459C00E99EEE /* HWSummaryMonthModel.m */ = {isa = PBXFileReference; lastKnownFileType = sourcecode.c.objc; path = HWSummaryMonthModel.m; sourceTree = "<group>"; };
		7E6BB3FA202FDE3A00E99EEE /* NSString+HWAdd.h */ = {isa = PBXFileReference; lastKnownFileType = sourcecode.c.h; path = "NSString+HWAdd.h"; sourceTree = "<group>"; };
		7E6BB3FB202FDE3A00E99EEE /* NSString+HWAdd.m */ = {isa = PBXFileReference; lastKnownFileType = sourcecode.c.objc; path = "NSString+HWAdd.m"; sourceTree = "<group>"; };
		7E6BB3FD2030241C00E99EEE /* HWDateRangeModel.h */ = {isa = PBXFileReference; lastKnownFileType = sourcecode.c.h; path = HWDateRangeModel.h; sourceTree = "<group>"; };
		7E6BB3FE2030241C00E99EEE /* HWDateRangeModel.m */ = {isa = PBXFileReference; lastKnownFileType = sourcecode.c.objc; path = HWDateRangeModel.m; sourceTree = "<group>"; };
		7E6BB4022030279700E99EEE /* HWMonthDataListController.h */ = {isa = PBXFileReference; lastKnownFileType = sourcecode.c.h; path = HWMonthDataListController.h; sourceTree = "<group>"; };
		7E6BB4032030279700E99EEE /* HWMonthDataListController.m */ = {isa = PBXFileReference; lastKnownFileType = sourcecode.c.objc; path = HWMonthDataListController.m; sourceTree = "<group>"; };
		7EA29F952015ABCE00336040 /* RandomPay.app */ = {isa = PBXFileReference; explicitFileType = wrapper.application; includeInIndex = 0; path = RandomPay.app; sourceTree = BUILT_PRODUCTS_DIR; };
		7EA29F982015ABCE00336040 /* AppDelegate.h */ = {isa = PBXFileReference; lastKnownFileType = sourcecode.c.h; path = AppDelegate.h; sourceTree = "<group>"; };
		7EA29F992015ABCE00336040 /* AppDelegate.m */ = {isa = PBXFileReference; lastKnownFileType = sourcecode.c.objc; path = AppDelegate.m; sourceTree = "<group>"; };
		7EA29FA12015ABCE00336040 /* Assets.xcassets */ = {isa = PBXFileReference; lastKnownFileType = folder.assetcatalog; path = Assets.xcassets; sourceTree = "<group>"; };
		7EA29FA42015ABCE00336040 /* Base */ = {isa = PBXFileReference; lastKnownFileType = file.storyboard; name = Base; path = Base.lproj/LaunchScreen.storyboard; sourceTree = "<group>"; };
		7EA29FA62015ABCE00336040 /* Info.plist */ = {isa = PBXFileReference; lastKnownFileType = text.plist.xml; path = Info.plist; sourceTree = "<group>"; };
		7EA29FA72015ABCE00336040 /* main.m */ = {isa = PBXFileReference; lastKnownFileType = sourcecode.c.objc; path = main.m; sourceTree = "<group>"; };
		7EA29FAE2015AE6300336040 /* RandomPay.pch */ = {isa = PBXFileReference; lastKnownFileType = sourcecode.c.h; path = RandomPay.pch; sourceTree = "<group>"; };
		7EA29FB72015B1E000336040 /* HWBaseNavigationController.h */ = {isa = PBXFileReference; lastKnownFileType = sourcecode.c.h; path = HWBaseNavigationController.h; sourceTree = "<group>"; };
		7EA29FB82015B1E000336040 /* HWBaseNavigationController.m */ = {isa = PBXFileReference; lastKnownFileType = sourcecode.c.objc; path = HWBaseNavigationController.m; sourceTree = "<group>"; };
		7EA29FBA2015B28E00336040 /* HWRandomMainController.h */ = {isa = PBXFileReference; lastKnownFileType = sourcecode.c.h; path = HWRandomMainController.h; sourceTree = "<group>"; };
		7EA29FBB2015B28E00336040 /* HWRandomMainController.m */ = {isa = PBXFileReference; lastKnownFileType = sourcecode.c.objc; path = HWRandomMainController.m; sourceTree = "<group>"; };
		7EA29FBD2015B3DE00336040 /* BaseViewController.h */ = {isa = PBXFileReference; lastKnownFileType = sourcecode.c.h; path = BaseViewController.h; sourceTree = "<group>"; };
		7EA29FBE2015B3DE00336040 /* BaseViewController.m */ = {isa = PBXFileReference; lastKnownFileType = sourcecode.c.objc; path = BaseViewController.m; sourceTree = "<group>"; };
		7EA29FC02015B65A00336040 /* UITableView+Addition.m */ = {isa = PBXFileReference; fileEncoding = 4; lastKnownFileType = sourcecode.c.objc; path = "UITableView+Addition.m"; sourceTree = "<group>"; };
		7EA29FC12015B65A00336040 /* UILabel+Addition.h */ = {isa = PBXFileReference; fileEncoding = 4; lastKnownFileType = sourcecode.c.h; path = "UILabel+Addition.h"; sourceTree = "<group>"; };
		7EA29FC22015B65A00336040 /* UITableView+Addition.h */ = {isa = PBXFileReference; fileEncoding = 4; lastKnownFileType = sourcecode.c.h; path = "UITableView+Addition.h"; sourceTree = "<group>"; };
		7EA29FC32015B65A00336040 /* UITableViewCell+Register.m */ = {isa = PBXFileReference; fileEncoding = 4; lastKnownFileType = sourcecode.c.objc; path = "UITableViewCell+Register.m"; sourceTree = "<group>"; };
		7EA29FC52015B65A00336040 /* UIButton+Addition.h */ = {isa = PBXFileReference; fileEncoding = 4; lastKnownFileType = sourcecode.c.h; path = "UIButton+Addition.h"; sourceTree = "<group>"; };
		7EA29FC72015B65A00336040 /* UITableViewCell+Register.h */ = {isa = PBXFileReference; fileEncoding = 4; lastKnownFileType = sourcecode.c.h; path = "UITableViewCell+Register.h"; sourceTree = "<group>"; };
		7EA29FC82015B65A00336040 /* UILabel+Addition.m */ = {isa = PBXFileReference; fileEncoding = 4; lastKnownFileType = sourcecode.c.objc; path = "UILabel+Addition.m"; sourceTree = "<group>"; };
		7EA29FC92015B65A00336040 /* UIButton+Addition.m */ = {isa = PBXFileReference; fileEncoding = 4; lastKnownFileType = sourcecode.c.objc; path = "UIButton+Addition.m"; sourceTree = "<group>"; };
		7EA29FCF2015B67700336040 /* UIFont+ElAdd.m */ = {isa = PBXFileReference; fileEncoding = 4; lastKnownFileType = sourcecode.c.objc; path = "UIFont+ElAdd.m"; sourceTree = "<group>"; };
		7EA29FD02015B67700336040 /* UIFont+ElAdd.h */ = {isa = PBXFileReference; fileEncoding = 4; lastKnownFileType = sourcecode.c.h; path = "UIFont+ElAdd.h"; sourceTree = "<group>"; };
		7EA29FD22015B68500336040 /* CategoryHeader.h */ = {isa = PBXFileReference; fileEncoding = 4; lastKnownFileType = sourcecode.c.h; path = CategoryHeader.h; sourceTree = "<group>"; };
		7EA29FD32015B6A600336040 /* UIImage+Addition.h */ = {isa = PBXFileReference; fileEncoding = 4; lastKnownFileType = sourcecode.c.h; path = "UIImage+Addition.h"; sourceTree = "<group>"; };
		7EA29FD42015B6A600336040 /* UIImage+Addition.m */ = {isa = PBXFileReference; fileEncoding = 4; lastKnownFileType = sourcecode.c.objc; path = "UIImage+Addition.m"; sourceTree = "<group>"; };
		7EA29FD62015BB7200336040 /* HWRandomView.h */ = {isa = PBXFileReference; lastKnownFileType = sourcecode.c.h; path = HWRandomView.h; sourceTree = "<group>"; };
		7EA29FD72015BB7200336040 /* HWRandomView.m */ = {isa = PBXFileReference; lastKnownFileType = sourcecode.c.objc; path = HWRandomView.m; sourceTree = "<group>"; };
		7EA29FD92015C3A300336040 /* MBProgressHUD+VBAdd.m */ = {isa = PBXFileReference; fileEncoding = 4; lastKnownFileType = sourcecode.c.objc; path = "MBProgressHUD+VBAdd.m"; sourceTree = "<group>"; };
		7EA29FDA2015C3A300336040 /* MBProgressHUD+VBAdd.h */ = {isa = PBXFileReference; fileEncoding = 4; lastKnownFileType = sourcecode.c.h; path = "MBProgressHUD+VBAdd.h"; sourceTree = "<group>"; };
		7EA29FDC2015C8D700336040 /* NSNumber+Random.h */ = {isa = PBXFileReference; lastKnownFileType = sourcecode.c.h; path = "NSNumber+Random.h"; sourceTree = "<group>"; };
		7EA29FDD2015C8D700336040 /* NSNumber+Random.m */ = {isa = PBXFileReference; lastKnownFileType = sourcecode.c.objc; path = "NSNumber+Random.m"; sourceTree = "<group>"; };
		7EA29FE02015D38A00336040 /* HWRandom.h */ = {isa = PBXFileReference; lastKnownFileType = sourcecode.c.h; path = HWRandom.h; sourceTree = "<group>"; };
		7EA29FE12015D38A00336040 /* HWRandom.m */ = {isa = PBXFileReference; lastKnownFileType = sourcecode.c.objc; path = HWRandom.m; sourceTree = "<group>"; };
		7EA29FE32015D84E00336040 /* HWRandomHistoryCell.h */ = {isa = PBXFileReference; lastKnownFileType = sourcecode.c.h; path = HWRandomHistoryCell.h; sourceTree = "<group>"; };
		7EA29FE42015D84E00336040 /* HWRandomHistoryCell.m */ = {isa = PBXFileReference; lastKnownFileType = sourcecode.c.objc; path = HWRandomHistoryCell.m; sourceTree = "<group>"; };
		7EA29FE62015E05600336040 /* NSUserDefaults+HWCache.h */ = {isa = PBXFileReference; lastKnownFileType = sourcecode.c.h; path = "NSUserDefaults+HWCache.h"; sourceTree = "<group>"; };
		7EA29FE72015E05600336040 /* NSUserDefaults+HWCache.m */ = {isa = PBXFileReference; lastKnownFileType = sourcecode.c.objc; path = "NSUserDefaults+HWCache.m"; sourceTree = "<group>"; };
		7EA29FE9201B075500336040 /* HWDayList.h */ = {isa = PBXFileReference; lastKnownFileType = sourcecode.c.h; path = HWDayList.h; sourceTree = "<group>"; };
		7EA29FEA201B075500336040 /* HWDayList.m */ = {isa = PBXFileReference; lastKnownFileType = sourcecode.c.objc; path = HWDayList.m; sourceTree = "<group>"; };
		7EA29FEC201B113C00336040 /* HWDaySectionHeader.h */ = {isa = PBXFileReference; lastKnownFileType = sourcecode.c.h; path = HWDaySectionHeader.h; sourceTree = "<group>"; };
		7EA29FED201B113C00336040 /* HWDaySectionHeader.m */ = {isa = PBXFileReference; lastKnownFileType = sourcecode.c.objc; path = HWDaySectionHeader.m; sourceTree = "<group>"; };
		7EAC04C72043AE0B0092D634 /* HWTypeSelectView.h */ = {isa = PBXFileReference; lastKnownFileType = sourcecode.c.h; path = HWTypeSelectView.h; sourceTree = "<group>"; };
		7EAC04C82043AE0B0092D634 /* HWTypeSelectView.m */ = {isa = PBXFileReference; lastKnownFileType = sourcecode.c.objc; path = HWTypeSelectView.m; sourceTree = "<group>"; };
		7EAC04CA2043B2630092D634 /* HWPosTypeCollectionCell.h */ = {isa = PBXFileReference; lastKnownFileType = sourcecode.c.h; path = HWPosTypeCollectionCell.h; sourceTree = "<group>"; };
		7EAC04CB2043B2630092D634 /* HWPosTypeCollectionCell.m */ = {isa = PBXFileReference; lastKnownFileType = sourcecode.c.objc; path = HWPosTypeCollectionCell.m; sourceTree = "<group>"; };
		7EAC04CD2043C7160092D634 /* HWAppConfig.h */ = {isa = PBXFileReference; lastKnownFileType = sourcecode.c.h; path = HWAppConfig.h; sourceTree = "<group>"; };
		7EAC04CE2043C7160092D634 /* HWAppConfig.m */ = {isa = PBXFileReference; lastKnownFileType = sourcecode.c.objc; path = HWAppConfig.m; sourceTree = "<group>"; };
		81AD6396FA5C621ED18FBB54 /* libPods-RandomPay.a */ = {isa = PBXFileReference; explicitFileType = archive.ar; includeInIndex = 0; path = "libPods-RandomPay.a"; sourceTree = BUILT_PRODUCTS_DIR; };
/* End PBXFileReference section */

/* Begin PBXFrameworksBuildPhase section */
		7EA29F922015ABCE00336040 /* Frameworks */ = {
			isa = PBXFrameworksBuildPhase;
			buildActionMask = 2147483647;
			files = (
				A1AFC4610A15D7CCAFF73992 /* libPods-RandomPay.a in Frameworks */,
			);
			runOnlyForDeploymentPostprocessing = 0;
		};
/* End PBXFrameworksBuildPhase section */

/* Begin PBXGroup section */
		7E6BB3F62028457B00E99EEE /* Model */ = {
			isa = PBXGroup;
			children = (
				7E6BB3F72028459C00E99EEE /* HWSummaryMonthModel.h */,
				7E6BB3F82028459C00E99EEE /* HWSummaryMonthModel.m */,
				7E6BB3FD2030241C00E99EEE /* HWDateRangeModel.h */,
				7E6BB3FE2030241C00E99EEE /* HWDateRangeModel.m */,
				7EAC04CD2043C7160092D634 /* HWAppConfig.h */,
				7EAC04CE2043C7160092D634 /* HWAppConfig.m */,
			);
			path = Model;
			sourceTree = "<group>";
		};
		7E6BB4002030272400E99EEE /* Controller */ = {
			isa = PBXGroup;
			children = (
				7EA29FBA2015B28E00336040 /* HWRandomMainController.h */,
				7EA29FBB2015B28E00336040 /* HWRandomMainController.m */,
				7E066C2D2022EE4E001C38B6 /* HWAddRecordController.h */,
				7E066C2E2022EE4E001C38B6 /* HWAddRecordController.m */,
				7E066C3020231292001C38B6 /* HWSummaryController.h */,
				7E066C3120231292001C38B6 /* HWSummaryController.m */,
				7E6BB4022030279700E99EEE /* HWMonthDataListController.h */,
				7E6BB4032030279700E99EEE /* HWMonthDataListController.m */,
			);
			path = Controller;
			sourceTree = "<group>";
		};
		7E6BB4012030274400E99EEE /* Base */ = {
			isa = PBXGroup;
			children = (
				7EA29FB72015B1E000336040 /* HWBaseNavigationController.h */,
				7EA29FB82015B1E000336040 /* HWBaseNavigationController.m */,
				7EA29FBD2015B3DE00336040 /* BaseViewController.h */,
				7EA29FBE2015B3DE00336040 /* BaseViewController.m */,
			);
			path = Base;
			sourceTree = "<group>";
		};
		7EA29F8C2015ABCE00336040 = {
			isa = PBXGroup;
			children = (
				7EA29F972015ABCE00336040 /* RandomPay */,
				7EA29F962015ABCE00336040 /* Products */,
				836A256E3E4615AE52891E4B /* Pods */,
				94E71C1274ED30A1468E5D33 /* Frameworks */,
			);
			sourceTree = "<group>";
		};
		7EA29F962015ABCE00336040 /* Products */ = {
			isa = PBXGroup;
			children = (
				7EA29F952015ABCE00336040 /* RandomPay.app */,
			);
			name = Products;
			sourceTree = "<group>";
		};
		7EA29F972015ABCE00336040 /* RandomPay */ = {
			isa = PBXGroup;
			children = (
				7E6BB3F62028457B00E99EEE /* Model */,
				7EA29FDF2015D37200336040 /* Database */,
				7EA29FB32015B10000336040 /* Feature */,
				7EA29FB22015B10000336040 /* Tools */,
				7EA29F982015ABCE00336040 /* AppDelegate.h */,
				7EA29F992015ABCE00336040 /* AppDelegate.m */,
				7EA29FA12015ABCE00336040 /* Assets.xcassets */,
				7EA29FA32015ABCE00336040 /* LaunchScreen.storyboard */,
				7EA29FA62015ABCE00336040 /* Info.plist */,
				7EA29FA72015ABCE00336040 /* main.m */,
				7EA29FAE2015AE6300336040 /* RandomPay.pch */,
			);
			path = RandomPay;
			sourceTree = "<group>";
		};
		7EA29FB22015B10000336040 /* Tools */ = {
			isa = PBXGroup;
			children = (
				7EA29FD22015B68500336040 /* CategoryHeader.h */,
				7EA29FD32015B6A600336040 /* UIImage+Addition.h */,
				7EA29FD42015B6A600336040 /* UIImage+Addition.m */,
				7EA29FD02015B67700336040 /* UIFont+ElAdd.h */,
				7EA29FCF2015B67700336040 /* UIFont+ElAdd.m */,
				7EA29FC52015B65A00336040 /* UIButton+Addition.h */,
				7EA29FC92015B65A00336040 /* UIButton+Addition.m */,
				7EA29FC12015B65A00336040 /* UILabel+Addition.h */,
				7EA29FC82015B65A00336040 /* UILabel+Addition.m */,
				7EA29FC22015B65A00336040 /* UITableView+Addition.h */,
				7EA29FC02015B65A00336040 /* UITableView+Addition.m */,
				7EA29FC72015B65A00336040 /* UITableViewCell+Register.h */,
				7EA29FC32015B65A00336040 /* UITableViewCell+Register.m */,
				7EA29FDA2015C3A300336040 /* MBProgressHUD+VBAdd.h */,
				7EA29FD92015C3A300336040 /* MBProgressHUD+VBAdd.m */,
				7EA29FDC2015C8D700336040 /* NSNumber+Random.h */,
				7EA29FDD2015C8D700336040 /* NSNumber+Random.m */,
				7EA29FE62015E05600336040 /* NSUserDefaults+HWCache.h */,
				7EA29FE72015E05600336040 /* NSUserDefaults+HWCache.m */,
				7E066C2A2022B203001C38B6 /* UITextField+Addition.h */,
				7E066C2B2022B203001C38B6 /* UITextField+Addition.m */,
				7E6BB3FA202FDE3A00E99EEE /* NSString+HWAdd.h */,
				7E6BB3FB202FDE3A00E99EEE /* NSString+HWAdd.m */,
			);
			path = Tools;
			sourceTree = "<group>";
		};
		7EA29FB32015B10000336040 /* Feature */ = {
			isa = PBXGroup;
			children = (
				7E6BB4012030274400E99EEE /* Base */,
				7E6BB4002030272400E99EEE /* Controller */,
				7EAC04C52043AD460092D634 /* View */,
			);
			path = Feature;
			sourceTree = "<group>";
		};
		7EA29FDF2015D37200336040 /* Database */ = {
			isa = PBXGroup;
			children = (
				7EA29FE02015D38A00336040 /* HWRandom.h */,
				7EA29FE12015D38A00336040 /* HWRandom.m */,
				7EA29FE9201B075500336040 /* HWDayList.h */,
				7EA29FEA201B075500336040 /* HWDayList.m */,
			);
			path = Database;
			sourceTree = "<group>";
		};
		7EAC04C52043AD460092D634 /* View */ = {
			isa = PBXGroup;
			children = (
				7EAC04C62043AD570092D634 /* Cell */,
				7EA29FD62015BB7200336040 /* HWRandomView.h */,
				7EA29FD72015BB7200336040 /* HWRandomView.m */,
				7EAC04C72043AE0B0092D634 /* HWTypeSelectView.h */,
				7EAC04C82043AE0B0092D634 /* HWTypeSelectView.m */,
			);
			path = View;
			sourceTree = "<group>";
		};
		7EAC04C62043AD570092D634 /* Cell */ = {
			isa = PBXGroup;
			children = (
				7EA29FE32015D84E00336040 /* HWRandomHistoryCell.h */,
				7EA29FE42015D84E00336040 /* HWRandomHistoryCell.m */,
				7EA29FEC201B113C00336040 /* HWDaySectionHeader.h */,
				7EA29FED201B113C00336040 /* HWDaySectionHeader.m */,
				7E6BB3F3202844BA00E99EEE /* HWHalfYearSummaryCell.h */,
				7E6BB3F4202844BA00E99EEE /* HWHalfYearSummaryCell.m */,
				7EAC04CA2043B2630092D634 /* HWPosTypeCollectionCell.h */,
				7EAC04CB2043B2630092D634 /* HWPosTypeCollectionCell.m */,
			);
			path = Cell;
			sourceTree = "<group>";
		};
		836A256E3E4615AE52891E4B /* Pods */ = {
			isa = PBXGroup;
			children = (
				62746C6D62B5103C39EC280F /* Pods-RandomPay.debug.xcconfig */,
				5D1C122C625CBC184CD6D439 /* Pods-RandomPay.release.xcconfig */,
			);
			name = Pods;
			sourceTree = "<group>";
		};
		94E71C1274ED30A1468E5D33 /* Frameworks */ = {
			isa = PBXGroup;
			children = (
				81AD6396FA5C621ED18FBB54 /* libPods-RandomPay.a */,
			);
			name = Frameworks;
			sourceTree = "<group>";
		};
/* End PBXGroup section */

/* Begin PBXNativeTarget section */
		7EA29F942015ABCE00336040 /* RandomPay */ = {
			isa = PBXNativeTarget;
			buildConfigurationList = 7EA29FAB2015ABCE00336040 /* Build configuration list for PBXNativeTarget "RandomPay" */;
			buildPhases = (
				B3EA0B1C8B2237A1A1809952 /* [CP] Check Pods Manifest.lock */,
				7EA29F912015ABCE00336040 /* Sources */,
				7EA29F922015ABCE00336040 /* Frameworks */,
				7EA29F932015ABCE00336040 /* Resources */,
				8E8C81C5A85B20688AA6910B /* [CP] Embed Pods Frameworks */,
				A2C78C3684365A3044FA9CCC /* [CP] Copy Pods Resources */,
			);
			buildRules = (
			);
			dependencies = (
			);
			name = RandomPay;
			productName = RandomPay;
			productReference = 7EA29F952015ABCE00336040 /* RandomPay.app */;
			productType = "com.apple.product-type.application";
		};
/* End PBXNativeTarget section */

/* Begin PBXProject section */
		7EA29F8D2015ABCE00336040 /* Project object */ = {
			isa = PBXProject;
			attributes = {
				CLASSPREFIX = HW;
				LastUpgradeCheck = 0920;
				ORGANIZATIONNAME = heathwang;
				TargetAttributes = {
					7EA29F942015ABCE00336040 = {
						CreatedOnToolsVersion = 9.2;
						ProvisioningStyle = Automatic;
					};
				};
			};
			buildConfigurationList = 7EA29F902015ABCE00336040 /* Build configuration list for PBXProject "RandomPay" */;
			compatibilityVersion = "Xcode 8.0";
			developmentRegion = en;
			hasScannedForEncodings = 0;
			knownRegions = (
				en,
				Base,
			);
			mainGroup = 7EA29F8C2015ABCE00336040;
			productRefGroup = 7EA29F962015ABCE00336040 /* Products */;
			projectDirPath = "";
			projectRoot = "";
			targets = (
				7EA29F942015ABCE00336040 /* RandomPay */,
			);
		};
/* End PBXProject section */

/* Begin PBXResourcesBuildPhase section */
		7EA29F932015ABCE00336040 /* Resources */ = {
			isa = PBXResourcesBuildPhase;
			buildActionMask = 2147483647;
			files = (
				7EA29FA52015ABCE00336040 /* LaunchScreen.storyboard in Resources */,
				7EA29FA22015ABCE00336040 /* Assets.xcassets in Resources */,
			);
			runOnlyForDeploymentPostprocessing = 0;
		};
/* End PBXResourcesBuildPhase section */

/* Begin PBXShellScriptBuildPhase section */
		8E8C81C5A85B20688AA6910B /* [CP] Embed Pods Frameworks */ = {
			isa = PBXShellScriptBuildPhase;
			buildActionMask = 2147483647;
			files = (
			);
			inputPaths = (
			);
			name = "[CP] Embed Pods Frameworks";
			outputPaths = (
			);
			runOnlyForDeploymentPostprocessing = 0;
			shellPath = /bin/sh;
			shellScript = "\"${SRCROOT}/Pods/Target Support Files/Pods-RandomPay/Pods-RandomPay-frameworks.sh\"\n";
			showEnvVarsInLog = 0;
		};
		A2C78C3684365A3044FA9CCC /* [CP] Copy Pods Resources */ = {
			isa = PBXShellScriptBuildPhase;
			buildActionMask = 2147483647;
			files = (
			);
			inputPaths = (
				"${SRCROOT}/Pods/Target Support Files/Pods-RandomPay/Pods-RandomPay-resources.sh",
				"${PODS_ROOT}/DateTools/DateTools/DateTools/DateTools.bundle",
				"${PODS_ROOT}/IQKeyboardManager/IQKeyboardManager/Resources/IQKeyboardManager.bundle",
			);
			name = "[CP] Copy Pods Resources";
			outputPaths = (
				"${TARGET_BUILD_DIR}/${UNLOCALIZED_RESOURCES_FOLDER_PATH}",
			);
			runOnlyForDeploymentPostprocessing = 0;
			shellPath = /bin/sh;
			shellScript = "\"${SRCROOT}/Pods/Target Support Files/Pods-RandomPay/Pods-RandomPay-resources.sh\"\n";
			showEnvVarsInLog = 0;
		};
		B3EA0B1C8B2237A1A1809952 /* [CP] Check Pods Manifest.lock */ = {
			isa = PBXShellScriptBuildPhase;
			buildActionMask = 2147483647;
			files = (
			);
			inputPaths = (
				"${PODS_PODFILE_DIR_PATH}/Podfile.lock",
				"${PODS_ROOT}/Manifest.lock",
			);
			name = "[CP] Check Pods Manifest.lock";
			outputPaths = (
				"$(DERIVED_FILE_DIR)/Pods-RandomPay-checkManifestLockResult.txt",
			);
			runOnlyForDeploymentPostprocessing = 0;
			shellPath = /bin/sh;
			shellScript = "diff \"${PODS_PODFILE_DIR_PATH}/Podfile.lock\" \"${PODS_ROOT}/Manifest.lock\" > /dev/null\nif [ $? != 0 ] ; then\n    # print error to STDERR\n    echo \"error: The sandbox is not in sync with the Podfile.lock. Run 'pod install' or update your CocoaPods installation.\" >&2\n    exit 1\nfi\n# This output is used by Xcode 'outputs' to avoid re-running this script phase.\necho \"SUCCESS\" > \"${SCRIPT_OUTPUT_FILE_0}\"\n";
			showEnvVarsInLog = 0;
		};
/* End PBXShellScriptBuildPhase section */

/* Begin PBXSourcesBuildPhase section */
		7EA29F912015ABCE00336040 /* Sources */ = {
			isa = PBXSourcesBuildPhase;
			buildActionMask = 2147483647;
			files = (
				7EA29FDE2015C8D700336040 /* NSNumber+Random.m in Sources */,
				7EA29FE82015E05600336040 /* NSUserDefaults+HWCache.m in Sources */,
				7EA29FD82015BB7200336040 /* HWRandomView.m in Sources */,
				7E066C3220231292001C38B6 /* HWSummaryController.m in Sources */,
				7EAC04CF2043C7160092D634 /* HWAppConfig.m in Sources */,
				7E6BB3FF2030241C00E99EEE /* HWDateRangeModel.m in Sources */,
				7E6BB3FC202FDE3A00E99EEE /* NSString+HWAdd.m in Sources */,
				7EA29FE52015D84E00336040 /* HWRandomHistoryCell.m in Sources */,
				7E6BB3F5202844BA00E99EEE /* HWHalfYearSummaryCell.m in Sources */,
				7E066C2F2022EE4E001C38B6 /* HWAddRecordController.m in Sources */,
				7EAC04C92043AE0B0092D634 /* HWTypeSelectView.m in Sources */,
				7EA29FBC2015B28E00336040 /* HWRandomMainController.m in Sources */,
				7EA29FBF2015B3DE00336040 /* BaseViewController.m in Sources */,
				7EA29FDB2015C3A400336040 /* MBProgressHUD+VBAdd.m in Sources */,
				7EA29FA82015ABCE00336040 /* main.m in Sources */,
				7EA29FB92015B1E000336040 /* HWBaseNavigationController.m in Sources */,
				7E6BB3F92028459C00E99EEE /* HWSummaryMonthModel.m in Sources */,
				7EA29FD52015B6A600336040 /* UIImage+Addition.m in Sources */,
				7EA29F9A2015ABCE00336040 /* AppDelegate.m in Sources */,
				7EA29FCA2015B65B00336040 /* UITableView+Addition.m in Sources */,
				7EA29FCB2015B65B00336040 /* UITableViewCell+Register.m in Sources */,
				7EA29FEE201B113C00336040 /* HWDaySectionHeader.m in Sources */,
				7EA29FE22015D38A00336040 /* HWRandom.m in Sources */,
				7EA29FCD2015B65B00336040 /* UILabel+Addition.m in Sources */,
				7EA29FD12015B67700336040 /* UIFont+ElAdd.m in Sources */,
				7EAC04CC2043B2630092D634 /* HWPosTypeCollectionCell.m in Sources */,
				7E6BB4042030279700E99EEE /* HWMonthDataListController.m in Sources */,
				7EA29FCE2015B65B00336040 /* UIButton+Addition.m in Sources */,
				7EA29FEB201B075500336040 /* HWDayList.m in Sources */,
				7E066C2C2022B203001C38B6 /* UITextField+Addition.m in Sources */,
			);
			runOnlyForDeploymentPostprocessing = 0;
		};
/* End PBXSourcesBuildPhase section */

/* Begin PBXVariantGroup section */
		7EA29FA32015ABCE00336040 /* LaunchScreen.storyboard */ = {
			isa = PBXVariantGroup;
			children = (
				7EA29FA42015ABCE00336040 /* Base */,
			);
			name = LaunchScreen.storyboard;
			sourceTree = "<group>";
		};
/* End PBXVariantGroup section */

/* Begin XCBuildConfiguration section */
		7EA29FA92015ABCE00336040 /* Debug */ = {
			isa = XCBuildConfiguration;
			buildSettings = {
				ALWAYS_SEARCH_USER_PATHS = NO;
				CLANG_ANALYZER_NONNULL = YES;
				CLANG_ANALYZER_NUMBER_OBJECT_CONVERSION = YES_AGGRESSIVE;
				CLANG_CXX_LANGUAGE_STANDARD = "gnu++14";
				CLANG_CXX_LIBRARY = "libc++";
				CLANG_ENABLE_MODULES = YES;
				CLANG_ENABLE_OBJC_ARC = YES;
				CLANG_WARN_BLOCK_CAPTURE_AUTORELEASING = YES;
				CLANG_WARN_BOOL_CONVERSION = YES;
				CLANG_WARN_COMMA = YES;
				CLANG_WARN_CONSTANT_CONVERSION = YES;
				CLANG_WARN_DIRECT_OBJC_ISA_USAGE = YES_ERROR;
				CLANG_WARN_DOCUMENTATION_COMMENTS = YES;
				CLANG_WARN_EMPTY_BODY = YES;
				CLANG_WARN_ENUM_CONVERSION = YES;
				CLANG_WARN_INFINITE_RECURSION = YES;
				CLANG_WARN_INT_CONVERSION = YES;
				CLANG_WARN_NON_LITERAL_NULL_CONVERSION = YES;
				CLANG_WARN_OBJC_LITERAL_CONVERSION = YES;
				CLANG_WARN_OBJC_ROOT_CLASS = YES_ERROR;
				CLANG_WARN_RANGE_LOOP_ANALYSIS = YES;
				CLANG_WARN_STRICT_PROTOTYPES = YES;
				CLANG_WARN_SUSPICIOUS_MOVE = YES;
				CLANG_WARN_UNGUARDED_AVAILABILITY = YES_AGGRESSIVE;
				CLANG_WARN_UNREACHABLE_CODE = YES;
				CLANG_WARN__DUPLICATE_METHOD_MATCH = YES;
				CODE_SIGN_IDENTITY = "iPhone Developer";
				COPY_PHASE_STRIP = NO;
				DEBUG_INFORMATION_FORMAT = dwarf;
				ENABLE_STRICT_OBJC_MSGSEND = YES;
				ENABLE_TESTABILITY = YES;
				GCC_C_LANGUAGE_STANDARD = gnu11;
				GCC_DYNAMIC_NO_PIC = NO;
				GCC_NO_COMMON_BLOCKS = YES;
				GCC_OPTIMIZATION_LEVEL = 0;
				GCC_PREPROCESSOR_DEFINITIONS = (
					"DEBUG=1",
					"$(inherited)",
				);
				GCC_WARN_64_TO_32_BIT_CONVERSION = YES;
				GCC_WARN_ABOUT_RETURN_TYPE = YES_ERROR;
				GCC_WARN_UNDECLARED_SELECTOR = YES;
				GCC_WARN_UNINITIALIZED_AUTOS = YES_AGGRESSIVE;
				GCC_WARN_UNUSED_FUNCTION = YES;
				GCC_WARN_UNUSED_VARIABLE = YES;
				IPHONEOS_DEPLOYMENT_TARGET = 11.2;
				MTL_ENABLE_DEBUG_INFO = YES;
				ONLY_ACTIVE_ARCH = YES;
				SDKROOT = iphoneos;
			};
			name = Debug;
		};
		7EA29FAA2015ABCE00336040 /* Release */ = {
			isa = XCBuildConfiguration;
			buildSettings = {
				ALWAYS_SEARCH_USER_PATHS = NO;
				CLANG_ANALYZER_NONNULL = YES;
				CLANG_ANALYZER_NUMBER_OBJECT_CONVERSION = YES_AGGRESSIVE;
				CLANG_CXX_LANGUAGE_STANDARD = "gnu++14";
				CLANG_CXX_LIBRARY = "libc++";
				CLANG_ENABLE_MODULES = YES;
				CLANG_ENABLE_OBJC_ARC = YES;
				CLANG_WARN_BLOCK_CAPTURE_AUTORELEASING = YES;
				CLANG_WARN_BOOL_CONVERSION = YES;
				CLANG_WARN_COMMA = YES;
				CLANG_WARN_CONSTANT_CONVERSION = YES;
				CLANG_WARN_DIRECT_OBJC_ISA_USAGE = YES_ERROR;
				CLANG_WARN_DOCUMENTATION_COMMENTS = YES;
				CLANG_WARN_EMPTY_BODY = YES;
				CLANG_WARN_ENUM_CONVERSION = YES;
				CLANG_WARN_INFINITE_RECURSION = YES;
				CLANG_WARN_INT_CONVERSION = YES;
				CLANG_WARN_NON_LITERAL_NULL_CONVERSION = YES;
				CLANG_WARN_OBJC_LITERAL_CONVERSION = YES;
				CLANG_WARN_OBJC_ROOT_CLASS = YES_ERROR;
				CLANG_WARN_RANGE_LOOP_ANALYSIS = YES;
				CLANG_WARN_STRICT_PROTOTYPES = YES;
				CLANG_WARN_SUSPICIOUS_MOVE = YES;
				CLANG_WARN_UNGUARDED_AVAILABILITY = YES_AGGRESSIVE;
				CLANG_WARN_UNREACHABLE_CODE = YES;
				CLANG_WARN__DUPLICATE_METHOD_MATCH = YES;
				CODE_SIGN_IDENTITY = "iPhone Developer";
				COPY_PHASE_STRIP = NO;
				DEBUG_INFORMATION_FORMAT = "dwarf-with-dsym";
				ENABLE_NS_ASSERTIONS = NO;
				ENABLE_STRICT_OBJC_MSGSEND = YES;
				GCC_C_LANGUAGE_STANDARD = gnu11;
				GCC_NO_COMMON_BLOCKS = YES;
				GCC_WARN_64_TO_32_BIT_CONVERSION = YES;
				GCC_WARN_ABOUT_RETURN_TYPE = YES_ERROR;
				GCC_WARN_UNDECLARED_SELECTOR = YES;
				GCC_WARN_UNINITIALIZED_AUTOS = YES_AGGRESSIVE;
				GCC_WARN_UNUSED_FUNCTION = YES;
				GCC_WARN_UNUSED_VARIABLE = YES;
				IPHONEOS_DEPLOYMENT_TARGET = 11.2;
				MTL_ENABLE_DEBUG_INFO = NO;
				SDKROOT = iphoneos;
				VALIDATE_PRODUCT = YES;
			};
			name = Release;
		};
		7EA29FAC2015ABCE00336040 /* Debug */ = {
			isa = XCBuildConfiguration;
			baseConfigurationReference = 62746C6D62B5103C39EC280F /* Pods-RandomPay.debug.xcconfig */;
			buildSettings = {
				ASSETCATALOG_COMPILER_APPICON_NAME = AppIcon;
				"CODE_SIGN_IDENTITY[sdk=iphoneos*]" = "iPhone Developer";
				CODE_SIGN_STYLE = Automatic;
				DEVELOPMENT_TEAM = 57N5EH4LYE;
				GCC_PREFIX_HEADER = RandomPay/RandomPay.pch;
				INFOPLIST_FILE = RandomPay/Info.plist;
				LD_RUNPATH_SEARCH_PATHS = "$(inherited) @executable_path/Frameworks";
				PRODUCT_BUNDLE_IDENTIFIER = com.bzwell.RandomPay;
				PRODUCT_NAME = "$(TARGET_NAME)";
				PROVISIONING_PROFILE = "";
				PROVISIONING_PROFILE_SPECIFIER = "";
				TARGETED_DEVICE_FAMILY = "1,2";
			};
			name = Debug;
		};
		7EA29FAD2015ABCE00336040 /* Release */ = {
			isa = XCBuildConfiguration;
			baseConfigurationReference = 5D1C122C625CBC184CD6D439 /* Pods-RandomPay.release.xcconfig */;
			buildSettings = {
				ASSETCATALOG_COMPILER_APPICON_NAME = AppIcon;
				"CODE_SIGN_IDENTITY[sdk=iphoneos*]" = "iPhone Developer";
				CODE_SIGN_STYLE = Automatic;
				DEVELOPMENT_TEAM = 57N5EH4LYE;
				GCC_PREFIX_HEADER = RandomPay/RandomPay.pch;
				INFOPLIST_FILE = RandomPay/Info.plist;
				LD_RUNPATH_SEARCH_PATHS = "$(inherited) @executable_path/Frameworks";
				PRODUCT_BUNDLE_IDENTIFIER = com.bzwell.RandomPay;
				PRODUCT_NAME = "$(TARGET_NAME)";
				PROVISIONING_PROFILE_SPECIFIER = "";
				TARGETED_DEVICE_FAMILY = "1,2";
			};
			name = Release;
		};
/* End XCBuildConfiguration section */

/* Begin XCConfigurationList section */
		7EA29F902015ABCE00336040 /* Build configuration list for PBXProject "RandomPay" */ = {
			isa = XCConfigurationList;
			buildConfigurations = (
				7EA29FA92015ABCE00336040 /* Debug */,
				7EA29FAA2015ABCE00336040 /* Release */,
			);
			defaultConfigurationIsVisible = 0;
			defaultConfigurationName = Release;
		};
		7EA29FAB2015ABCE00336040 /* Build configuration list for PBXNativeTarget "RandomPay" */ = {
			isa = XCConfigurationList;
			buildConfigurations = (
				7EA29FAC2015ABCE00336040 /* Debug */,
				7EA29FAD2015ABCE00336040 /* Release */,
			);
			defaultConfigurationIsVisible = 0;
			defaultConfigurationName = Release;
		};
/* End XCConfigurationList section */
	};
	rootObject = 7EA29F8D2015ABCE00336040 /* Project object */;
}
